// !$*UTF8*$!
{
	archiveVersion = 1;
	classes = {
	};
	objectVersion = 51;
	objects = {

/* Begin PBXBuildFile section */
		842C29242593B1300005846D /* MenuUserSettings.swift in Sources */ = {isa = PBXBuildFile; fileRef = 842C29232593B1300005846D /* MenuUserSettings.swift */; };
		84A645A2259264220023849C /* AppDelegate.swift in Sources */ = {isa = PBXBuildFile; fileRef = 84A645A1259264220023849C /* AppDelegate.swift */; };
		84A645A4259264220023849C /* SceneDelegate.swift in Sources */ = {isa = PBXBuildFile; fileRef = 84A645A3259264220023849C /* SceneDelegate.swift */; };
		84A645A6259264220023849C /* MenuViewController.swift in Sources */ = {isa = PBXBuildFile; fileRef = 84A645A5259264220023849C /* MenuViewController.swift */; };
		84A645A9259264220023849C /* Main.storyboard in Resources */ = {isa = PBXBuildFile; fileRef = 84A645A7259264220023849C /* Main.storyboard */; };
		84A645AB259264230023849C /* Assets.xcassets in Resources */ = {isa = PBXBuildFile; fileRef = 84A645AA259264230023849C /* Assets.xcassets */; };
		84A645AE259264230023849C /* LaunchScreen.storyboard in Resources */ = {isa = PBXBuildFile; fileRef = 84A645AC259264230023849C /* LaunchScreen.storyboard */; };
		84A645B725926CA40023849C /* MenuTableViewCell.swift in Sources */ = {isa = PBXBuildFile; fileRef = 84A645B625926CA40023849C /* MenuTableViewCell.swift */; };
		84A645C425926EF00023849C /* MenuModel.swift in Sources */ = {isa = PBXBuildFile; fileRef = 84A645C325926EF00023849C /* MenuModel.swift */; };
		84A645C725926EFC0023849C /* MenuPresenter.swift in Sources */ = {isa = PBXBuildFile; fileRef = 84A645C625926EFC0023849C /* MenuPresenter.swift */; };
		84A645CA25926FED0023849C /* NetworkService.swift in Sources */ = {isa = PBXBuildFile; fileRef = 84A645C925926FED0023849C /* NetworkService.swift */; };
		911402BC4A69BBF451A64815 /* Pods_Gambit.framework in Frameworks */ = {isa = PBXBuildFile; fileRef = 1D72EB90F0AEBE6294447412 /* Pods_Gambit.framework */; };
/* End PBXBuildFile section */

/* Begin PBXFileReference section */
		1D72EB90F0AEBE6294447412 /* Pods_Gambit.framework */ = {isa = PBXFileReference; explicitFileType = wrapper.framework; includeInIndex = 0; path = Pods_Gambit.framework; sourceTree = BUILT_PRODUCTS_DIR; };
		52A1A5A37B63F79953A242BF /* Pods-Gambit.release.xcconfig */ = {isa = PBXFileReference; includeInIndex = 1; lastKnownFileType = text.xcconfig; name = "Pods-Gambit.release.xcconfig"; path = "Target Support Files/Pods-Gambit/Pods-Gambit.release.xcconfig"; sourceTree = "<group>"; };
		842C29232593B1300005846D /* MenuUserSettings.swift */ = {isa = PBXFileReference; lastKnownFileType = sourcecode.swift; path = MenuUserSettings.swift; sourceTree = "<group>"; };
		84A6459E259264220023849C /* Gambit.app */ = {isa = PBXFileReference; explicitFileType = wrapper.application; includeInIndex = 0; path = Gambit.app; sourceTree = BUILT_PRODUCTS_DIR; };
		84A645A1259264220023849C /* AppDelegate.swift */ = {isa = PBXFileReference; lastKnownFileType = sourcecode.swift; path = AppDelegate.swift; sourceTree = "<group>"; };
		84A645A3259264220023849C /* SceneDelegate.swift */ = {isa = PBXFileReference; lastKnownFileType = sourcecode.swift; path = SceneDelegate.swift; sourceTree = "<group>"; };
		84A645A5259264220023849C /* MenuViewController.swift */ = {isa = PBXFileReference; lastKnownFileType = sourcecode.swift; path = MenuViewController.swift; sourceTree = "<group>"; };
		84A645A8259264220023849C /* Base */ = {isa = PBXFileReference; lastKnownFileType = file.storyboard; name = Base; path = Base.lproj/Main.storyboard; sourceTree = "<group>"; };
		84A645AA259264230023849C /* Assets.xcassets */ = {isa = PBXFileReference; lastKnownFileType = folder.assetcatalog; path = Assets.xcassets; sourceTree = "<group>"; };
		84A645AD259264230023849C /* Base */ = {isa = PBXFileReference; lastKnownFileType = file.storyboard; name = Base; path = Base.lproj/LaunchScreen.storyboard; sourceTree = "<group>"; };
		84A645AF259264230023849C /* Info.plist */ = {isa = PBXFileReference; lastKnownFileType = text.plist.xml; path = Info.plist; sourceTree = "<group>"; };
		84A645B625926CA40023849C /* MenuTableViewCell.swift */ = {isa = PBXFileReference; lastKnownFileType = sourcecode.swift; path = MenuTableViewCell.swift; sourceTree = "<group>"; };
		84A645C325926EF00023849C /* MenuModel.swift */ = {isa = PBXFileReference; lastKnownFileType = sourcecode.swift; path = MenuModel.swift; sourceTree = "<group>"; };
		84A645C625926EFC0023849C /* MenuPresenter.swift */ = {isa = PBXFileReference; lastKnownFileType = sourcecode.swift; path = MenuPresenter.swift; sourceTree = "<group>"; };
		84A645C925926FED0023849C /* NetworkService.swift */ = {isa = PBXFileReference; lastKnownFileType = sourcecode.swift; path = NetworkService.swift; sourceTree = "<group>"; };
		CF0D0C17D4035ECA53075D4C /* Pods-Gambit.debug.xcconfig */ = {isa = PBXFileReference; includeInIndex = 1; lastKnownFileType = text.xcconfig; name = "Pods-Gambit.debug.xcconfig"; path = "Target Support Files/Pods-Gambit/Pods-Gambit.debug.xcconfig"; sourceTree = "<group>"; };
/* End PBXFileReference section */

/* Begin PBXFrameworksBuildPhase section */
		84A6459B259264220023849C /* Frameworks */ = {
			isa = PBXFrameworksBuildPhase;
			buildActionMask = 2147483647;
			files = (
				911402BC4A69BBF451A64815 /* Pods_Gambit.framework in Frameworks */,
			);
			runOnlyForDeploymentPostprocessing = 0;
		};
/* End PBXFrameworksBuildPhase section */

/* Begin PBXGroup section */
		84A64595259264220023849C = {
			isa = PBXGroup;
			children = (
				84A645A0259264220023849C /* Gambit */,
				84A6459F259264220023849C /* Products */,
				FB5C568BE6EB9B9AE867DC48 /* Pods */,
				E08BCED6D0EDAF9C1C32F51E /* Frameworks */,
			);
			sourceTree = "<group>";
		};
		84A6459F259264220023849C /* Products */ = {
			isa = PBXGroup;
			children = (
				84A6459E259264220023849C /* Gambit.app */,
			);
			name = Products;
			sourceTree = "<group>";
		};
		84A645A0259264220023849C /* Gambit */ = {
			isa = PBXGroup;
			children = (
				84A645A1259264220023849C /* AppDelegate.swift */,
				84A645A3259264220023849C /* SceneDelegate.swift */,
				84A645BD25926E790023849C /* MenuScreen */,
				84A645CC25926FF30023849C /* Networking */,
				84A645A7259264220023849C /* Main.storyboard */,
				84A645AA259264230023849C /* Assets.xcassets */,
				84A645AC259264230023849C /* LaunchScreen.storyboard */,
				84A645AF259264230023849C /* Info.plist */,
			);
			path = Gambit;
			sourceTree = "<group>";
		};
		84A645B925926E600023849C /* View */ = {
			isa = PBXGroup;
			children = (
				84A645A5259264220023849C /* MenuViewController.swift */,
				84A645B625926CA40023849C /* MenuTableViewCell.swift */,
			);
			path = View;
			sourceTree = "<group>";
		};
		84A645BD25926E790023849C /* MenuScreen */ = {
			isa = PBXGroup;
			children = (
				84A645B925926E600023849C /* View */,
				84A645C125926EA70023849C /* Model */,
				84A645C225926EAE0023849C /* Presenter */,
			);
			path = MenuScreen;
			sourceTree = "<group>";
		};
		84A645C125926EA70023849C /* Model */ = {
			isa = PBXGroup;
			children = (
				84A645C325926EF00023849C /* MenuModel.swift */,
				842C29232593B1300005846D /* MenuUserSettings.swift */,
			);
			name = Model;
			sourceTree = "<group>";
		};
		84A645C225926EAE0023849C /* Presenter */ = {
			isa = PBXGroup;
			children = (
				84A645C625926EFC0023849C /* MenuPresenter.swift */,
			);
			path = Presenter;
			sourceTree = "<group>";
		};
		84A645CC25926FF30023849C /* Networking */ = {
			isa = PBXGroup;
			children = (
				84A645C925926FED0023849C /* NetworkService.swift */,
			);
			path = Networking;
			sourceTree = "<group>";
		};
		E08BCED6D0EDAF9C1C32F51E /* Frameworks */ = {
			isa = PBXGroup;
			children = (
				1D72EB90F0AEBE6294447412 /* Pods_Gambit.framework */,
			);
			name = Frameworks;
			sourceTree = "<group>";
		};
		FB5C568BE6EB9B9AE867DC48 /* Pods */ = {
			isa = PBXGroup;
			children = (
				CF0D0C17D4035ECA53075D4C /* Pods-Gambit.debug.xcconfig */,
				52A1A5A37B63F79953A242BF /* Pods-Gambit.release.xcconfig */,
			);
			path = Pods;
			sourceTree = "<group>";
		};
/* End PBXGroup section */

/* Begin PBXNativeTarget section */
		84A6459D259264220023849C /* Gambit */ = {
			isa = PBXNativeTarget;
			buildConfigurationList = 84A645B2259264230023849C /* Build configuration list for PBXNativeTarget "Gambit" */;
			buildPhases = (
				1374128B3089EE3BA668BC96 /* [CP] Check Pods Manifest.lock */,
				84A6459A259264220023849C /* Sources */,
				84A6459B259264220023849C /* Frameworks */,
				84A6459C259264220023849C /* Resources */,
				088AB3CE3A359D68663181D5 /* [CP] Embed Pods Frameworks */,
			);
			buildRules = (
			);
			dependencies = (
			);
			name = Gambit;
			productName = Gambit;
			productReference = 84A6459E259264220023849C /* Gambit.app */;
			productType = "com.apple.product-type.application";
		};
/* End PBXNativeTarget section */

/* Begin PBXProject section */
		84A64596259264220023849C /* Project object */ = {
			isa = PBXProject;
			attributes = {
				LastSwiftUpdateCheck = 1230;
				LastUpgradeCheck = 1230;
				TargetAttributes = {
					84A6459D259264220023849C = {
						CreatedOnToolsVersion = 12.3;
					};
				};
			};
			buildConfigurationList = 84A64599259264220023849C /* Build configuration list for PBXProject "Gambit" */;
			compatibilityVersion = "Xcode 9.3";
			developmentRegion = en;
			hasScannedForEncodings = 0;
			knownRegions = (
				en,
				Base,
			);
			mainGroup = 84A64595259264220023849C;
			productRefGroup = 84A6459F259264220023849C /* Products */;
			projectDirPath = "";
			projectRoot = "";
			targets = (
				84A6459D259264220023849C /* Gambit */,
			);
		};
/* End PBXProject section */

/* Begin PBXResourcesBuildPhase section */
		84A6459C259264220023849C /* Resources */ = {
			isa = PBXResourcesBuildPhase;
			buildActionMask = 2147483647;
			files = (
				84A645AE259264230023849C /* LaunchScreen.storyboard in Resources */,
				84A645AB259264230023849C /* Assets.xcassets in Resources */,
				84A645A9259264220023849C /* Main.storyboard in Resources */,
			);
			runOnlyForDeploymentPostprocessing = 0;
		};
/* End PBXResourcesBuildPhase section */

/* Begin PBXShellScriptBuildPhase section */
		088AB3CE3A359D68663181D5 /* [CP] Embed Pods Frameworks */ = {
			isa = PBXShellScriptBuildPhase;
			buildActionMask = 2147483647;
			files = (
			);
			inputFileListPaths = (
				"${PODS_ROOT}/Target Support Files/Pods-Gambit/Pods-Gambit-frameworks-${CONFIGURATION}-input-files.xcfilelist",
			);
			name = "[CP] Embed Pods Frameworks";
			outputFileListPaths = (
				"${PODS_ROOT}/Target Support Files/Pods-Gambit/Pods-Gambit-frameworks-${CONFIGURATION}-output-files.xcfilelist",
			);
			runOnlyForDeploymentPostprocessing = 0;
			shellPath = /bin/sh;
			shellScript = "\"${PODS_ROOT}/Target Support Files/Pods-Gambit/Pods-Gambit-frameworks.sh\"\n";
			showEnvVarsInLog = 0;
		};
		1374128B3089EE3BA668BC96 /* [CP] Check Pods Manifest.lock */ = {
			isa = PBXShellScriptBuildPhase;
			buildActionMask = 2147483647;
			files = (
			);
			inputFileListPaths = (
			);
			inputPaths = (
				"${PODS_PODFILE_DIR_PATH}/Podfile.lock",
				"${PODS_ROOT}/Manifest.lock",
			);
			name = "[CP] Check Pods Manifest.lock";
			outputFileListPaths = (
			);
			outputPaths = (
				"$(DERIVED_FILE_DIR)/Pods-Gambit-checkManifestLockResult.txt",
			);
			runOnlyForDeploymentPostprocessing = 0;
			shellPath = /bin/sh;
			shellScript = "diff \"${PODS_PODFILE_DIR_PATH}/Podfile.lock\" \"${PODS_ROOT}/Manifest.lock\" > /dev/null\nif [ $? != 0 ] ; then\n    # print error to STDERR\n    echo \"error: The sandbox is not in sync with the Podfile.lock. Run 'pod install' or update your CocoaPods installation.\" >&2\n    exit 1\nfi\n# This output is used by Xcode 'outputs' to avoid re-running this script phase.\necho \"SUCCESS\" > \"${SCRIPT_OUTPUT_FILE_0}\"\n";
			showEnvVarsInLog = 0;
		};
/* End PBXShellScriptBuildPhase section */

/* Begin PBXSourcesBuildPhase section */
		84A6459A259264220023849C /* Sources */ = {
			isa = PBXSourcesBuildPhase;
			buildActionMask = 2147483647;
			files = (
				84A645A6259264220023849C /* MenuViewController.swift in Sources */,
				84A645A2259264220023849C /* AppDelegate.swift in Sources */,
				84A645C425926EF00023849C /* MenuModel.swift in Sources */,
				84A645B725926CA40023849C /* MenuTableViewCell.swift in Sources */,
				84A645A4259264220023849C /* SceneDelegate.swift in Sources */,
				84A645C725926EFC0023849C /* MenuPresenter.swift in Sources */,
				842C29242593B1300005846D /* MenuUserSettings.swift in Sources */,
				84A645CA25926FED0023849C /* NetworkService.swift in Sources */,
			);
			runOnlyForDeploymentPostprocessing = 0;
		};
/* End PBXSourcesBuildPhase section */

/* Begin PBXVariantGroup section */
		84A645A7259264220023849C /* Main.storyboard */ = {
			isa = PBXVariantGroup;
			children = (
				84A645A8259264220023849C /* Base */,
			);
			name = Main.storyboard;
			sourceTree = "<group>";
		};
		84A645AC259264230023849C /* LaunchScreen.storyboard */ = {
			isa = PBXVariantGroup;
			children = (
				84A645AD259264230023849C /* Base */,
			);
			name = LaunchScreen.storyboard;
			sourceTree = "<group>";
		};
/* End PBXVariantGroup section */

/* Begin XCBuildConfiguration section */
		84A645B0259264230023849C /* Debug */ = {
			isa = XCBuildConfiguration;
			buildSettings = {
				ALWAYS_SEARCH_USER_PATHS = NO;
				CLANG_ANALYZER_NONNULL = YES;
				CLANG_ANALYZER_NUMBER_OBJECT_CONVERSION = YES_AGGRESSIVE;
				CLANG_CXX_LANGUAGE_STANDARD = "gnu++14";
				CLANG_CXX_LIBRARY = "libc++";
				CLANG_ENABLE_MODULES = YES;
				CLANG_ENABLE_OBJC_ARC = YES;
				CLANG_ENABLE_OBJC_WEAK = YES;
				CLANG_WARN_BLOCK_CAPTURE_AUTORELEASING = YES;
				CLANG_WARN_BOOL_CONVERSION = YES;
				CLANG_WARN_COMMA = YES;
				CLANG_WARN_CONSTANT_CONVERSION = YES;
				CLANG_WARN_DEPRECATED_OBJC_IMPLEMENTATIONS = YES;
				CLANG_WARN_DIRECT_OBJC_ISA_USAGE = YES_ERROR;
				CLANG_WARN_DOCUMENTATION_COMMENTS = YES;
				CLANG_WARN_EMPTY_BODY = YES;
				CLANG_WARN_ENUM_CONVERSION = YES;
				CLANG_WARN_INFINITE_RECURSION = YES;
				CLANG_WARN_INT_CONVERSION = YES;
				CLANG_WARN_NON_LITERAL_NULL_CONVERSION = YES;
				CLANG_WARN_OBJC_IMPLICIT_RETAIN_SELF = YES;
				CLANG_WARN_OBJC_LITERAL_CONVERSION = YES;
				CLANG_WARN_OBJC_ROOT_CLASS = YES_ERROR;
				CLANG_WARN_QUOTED_INCLUDE_IN_FRAMEWORK_HEADER = YES;
				CLANG_WARN_RANGE_LOOP_ANALYSIS = YES;
				CLANG_WARN_STRICT_PROTOTYPES = YES;
				CLANG_WARN_SUSPICIOUS_MOVE = YES;
				CLANG_WARN_UNGUARDED_AVAILABILITY = YES_AGGRESSIVE;
				CLANG_WARN_UNREACHABLE_CODE = YES;
				CLANG_WARN__DUPLICATE_METHOD_MATCH = YES;
				COPY_PHASE_STRIP = NO;
				DEBUG_INFORMATION_FORMAT = dwarf;
				ENABLE_STRICT_OBJC_MSGSEND = YES;
				ENABLE_TESTABILITY = YES;
				GCC_C_LANGUAGE_STANDARD = gnu11;
				GCC_DYNAMIC_NO_PIC = NO;
				GCC_NO_COMMON_BLOCKS = YES;
				GCC_OPTIMIZATION_LEVEL = 0;
				GCC_PREPROCESSOR_DEFINITIONS = (
					"DEBUG=1",
					"$(inherited)",
				);
				GCC_WARN_64_TO_32_BIT_CONVERSION = YES;
				GCC_WARN_ABOUT_RETURN_TYPE = YES_ERROR;
				GCC_WARN_UNDECLARED_SELECTOR = YES;
				GCC_WARN_UNINITIALIZED_AUTOS = YES_AGGRESSIVE;
				GCC_WARN_UNUSED_FUNCTION = YES;
				GCC_WARN_UNUSED_VARIABLE = YES;
				IPHONEOS_DEPLOYMENT_TARGET = 14.3;
				MTL_ENABLE_DEBUG_INFO = INCLUDE_SOURCE;
				MTL_FAST_MATH = YES;
				ONLY_ACTIVE_ARCH = YES;
				SDKROOT = iphoneos;
				SWIFT_ACTIVE_COMPILATION_CONDITIONS = DEBUG;
				SWIFT_OPTIMIZATION_LEVEL = "-Onone";
			};
			name = Debug;
		};
		84A645B1259264230023849C /* Release */ = {
			isa = XCBuildConfiguration;
			buildSettings = {
				ALWAYS_SEARCH_USER_PATHS = NO;
				CLANG_ANALYZER_NONNULL = YES;
				CLANG_ANALYZER_NUMBER_OBJECT_CONVERSION = YES_AGGRESSIVE;
				CLANG_CXX_LANGUAGE_STANDARD = "gnu++14";
				CLANG_CXX_LIBRARY = "libc++";
				CLANG_ENABLE_MODULES = YES;
				CLANG_ENABLE_OBJC_ARC = YES;
				CLANG_ENABLE_OBJC_WEAK = YES;
				CLANG_WARN_BLOCK_CAPTURE_AUTORELEASING = YES;
				CLANG_WARN_BOOL_CONVERSION = YES;
				CLANG_WARN_COMMA = YES;
				CLANG_WARN_CONSTANT_CONVERSION = YES;
				CLANG_WARN_DEPRECATED_OBJC_IMPLEMENTATIONS = YES;
				CLANG_WARN_DIRECT_OBJC_ISA_USAGE = YES_ERROR;
				CLANG_WARN_DOCUMENTATION_COMMENTS = YES;
				CLANG_WARN_EMPTY_BODY = YES;
				CLANG_WARN_ENUM_CONVERSION = YES;
				CLANG_WARN_INFINITE_RECURSION = YES;
				CLANG_WARN_INT_CONVERSION = YES;
				CLANG_WARN_NON_LITERAL_NULL_CONVERSION = YES;
				CLANG_WARN_OBJC_IMPLICIT_RETAIN_SELF = YES;
				CLANG_WARN_OBJC_LITERAL_CONVERSION = YES;
				CLANG_WARN_OBJC_ROOT_CLASS = YES_ERROR;
				CLANG_WARN_QUOTED_INCLUDE_IN_FRAMEWORK_HEADER = YES;
				CLANG_WARN_RANGE_LOOP_ANALYSIS = YES;
				CLANG_WARN_STRICT_PROTOTYPES = YES;
				CLANG_WARN_SUSPICIOUS_MOVE = YES;
				CLANG_WARN_UNGUARDED_AVAILABILITY = YES_AGGRESSIVE;
				CLANG_WARN_UNREACHABLE_CODE = YES;
				CLANG_WARN__DUPLICATE_METHOD_MATCH = YES;
				COPY_PHASE_STRIP = NO;
				DEBUG_INFORMATION_FORMAT = "dwarf-with-dsym";
				ENABLE_NS_ASSERTIONS = NO;
				ENABLE_STRICT_OBJC_MSGSEND = YES;
				GCC_C_LANGUAGE_STANDARD = gnu11;
				GCC_NO_COMMON_BLOCKS = YES;
				GCC_WARN_64_TO_32_BIT_CONVERSION = YES;
				GCC_WARN_ABOUT_RETURN_TYPE = YES_ERROR;
				GCC_WARN_UNDECLARED_SELECTOR = YES;
				GCC_WARN_UNINITIALIZED_AUTOS = YES_AGGRESSIVE;
				GCC_WARN_UNUSED_FUNCTION = YES;
				GCC_WARN_UNUSED_VARIABLE = YES;
				IPHONEOS_DEPLOYMENT_TARGET = 14.3;
				MTL_ENABLE_DEBUG_INFO = NO;
				MTL_FAST_MATH = YES;
				SDKROOT = iphoneos;
				SWIFT_COMPILATION_MODE = wholemodule;
				SWIFT_OPTIMIZATION_LEVEL = "-O";
				VALIDATE_PRODUCT = YES;
			};
			name = Release;
		};
		84A645B3259264230023849C /* Debug */ = {
			isa = XCBuildConfiguration;
			baseConfigurationReference = CF0D0C17D4035ECA53075D4C /* Pods-Gambit.debug.xcconfig */;
			buildSettings = {
				ASSETCATALOG_COMPILER_APPICON_NAME = AppIcon;
				ASSETCATALOG_COMPILER_GLOBAL_ACCENT_COLOR_NAME = AccentColor;
				CODE_SIGN_STYLE = Automatic;
				DEVELOPMENT_TEAM = XK4D24WZ52;
				INFOPLIST_FILE = Gambit/Info.plist;
				IPHONEOS_DEPLOYMENT_TARGET = 13.5;
				LD_RUNPATH_SEARCH_PATHS = (
					"$(inherited)",
					"@executable_path/Frameworks",
				);
				PRODUCT_BUNDLE_IDENTIFIER = com.muslim.Gambit;
				PRODUCT_NAME = "$(TARGET_NAME)";
				SWIFT_VERSION = 5.0;
				TARGETED_DEVICE_FAMILY = "1,2";
			};
			name = Debug;
		};
		84A645B4259264230023849C /* Release */ = {
			isa = XCBuildConfiguration;
			baseConfigurationReference = 52A1A5A37B63F79953A242BF /* Pods-Gambit.release.xcconfig */;
			buildSettings = {
				ASSETCATALOG_COMPILER_APPICON_NAME = AppIcon;
				ASSETCATALOG_COMPILER_GLOBAL_ACCENT_COLOR_NAME = AccentColor;
				CODE_SIGN_STYLE = Automatic;
				DEVELOPMENT_TEAM = XK4D24WZ52;
				INFOPLIST_FILE = Gambit/Info.plist;
				IPHONEOS_DEPLOYMENT_TARGET = 13.5;
				LD_RUNPATH_SEARCH_PATHS = (
					"$(inherited)",
					"@executable_path/Frameworks",
				);
				PRODUCT_BUNDLE_IDENTIFIER = com.muslim.Gambit;
				PRODUCT_NAME = "$(TARGET_NAME)";
				SWIFT_VERSION = 5.0;
				TARGETED_DEVICE_FAMILY = "1,2";
			};
			name = Release;
		};
/* End XCBuildConfiguration section */

/* Begin XCConfigurationList section */
		84A64599259264220023849C /* Build configuration list for PBXProject "Gambit" */ = {
			isa = XCConfigurationList;
			buildConfigurations = (
				84A645B0259264230023849C /* Debug */,
				84A645B1259264230023849C /* Release */,
			);
			defaultConfigurationIsVisible = 0;
			defaultConfigurationName = Release;
		};
		84A645B2259264230023849C /* Build configuration list for PBXNativeTarget "Gambit" */ = {
			isa = XCConfigurationList;
			buildConfigurations = (
				84A645B3259264230023849C /* Debug */,
				84A645B4259264230023849C /* Release */,
			);
			defaultConfigurationIsVisible = 0;
			defaultConfigurationName = Release;
		};
/* End XCConfigurationList section */
	};
	rootObject = 84A64596259264220023849C /* Project object */;
}
